// !$*UTF8*$!
{
	archiveVersion = 1;
	classes = {
	};
	objectVersion = 55;
	objects = {

/* Begin PBXBuildFile section */
		0B28C55E27B5914000293048 /* OnBoardingViewController.swift in Sources */ = {isa = PBXBuildFile; fileRef = 0B28C55D27B5914000293048 /* OnBoardingViewController.swift */; };
		0B28C56027B598D500293048 /* OnboardingSlide.swift in Sources */ = {isa = PBXBuildFile; fileRef = 0B28C55F27B598D500293048 /* OnboardingSlide.swift */; };
		0B28C56427B59DFC00293048 /* OnboardingCollectionViewCell.swift in Sources */ = {isa = PBXBuildFile; fileRef = 0B28C56327B59DFC00293048 /* OnboardingCollectionViewCell.swift */; };
		0E08B06F27AC6F630059A4B9 /* plantCollectionViewCell.swift in Sources */ = {isa = PBXBuildFile; fileRef = 0E08B06D27AC6F630059A4B9 /* plantCollectionViewCell.swift */; };
		0E08B07027AC6F630059A4B9 /* plantCollectionViewCell.xib in Resources */ = {isa = PBXBuildFile; fileRef = 0E08B06E27AC6F630059A4B9 /* plantCollectionViewCell.xib */; };
		0E3D0BE427A206BE00266507 /* AppDelegate.swift in Sources */ = {isa = PBXBuildFile; fileRef = 0E3D0BE327A206BE00266507 /* AppDelegate.swift */; };
		0E3D0BE627A206BF00266507 /* GameScene.sks in Resources */ = {isa = PBXBuildFile; fileRef = 0E3D0BE527A206BF00266507 /* GameScene.sks */; };
		0E3D0BE827A206BF00266507 /* Actions.sks in Resources */ = {isa = PBXBuildFile; fileRef = 0E3D0BE727A206BF00266507 /* Actions.sks */; };
		0E3D0BEA27A206BF00266507 /* GameScene.swift in Sources */ = {isa = PBXBuildFile; fileRef = 0E3D0BE927A206BF00266507 /* GameScene.swift */; };
		0E3D0BEC27A206BF00266507 /* GameViewController.swift in Sources */ = {isa = PBXBuildFile; fileRef = 0E3D0BEB27A206BF00266507 /* GameViewController.swift */; };
		0E3D0BEF27A206BF00266507 /* Main.storyboard in Resources */ = {isa = PBXBuildFile; fileRef = 0E3D0BED27A206BF00266507 /* Main.storyboard */; };
		0E3D0BF127A206C000266507 /* Assets.xcassets in Resources */ = {isa = PBXBuildFile; fileRef = 0E3D0BF027A206C000266507 /* Assets.xcassets */; };
		0E3D0BF427A206C000266507 /* LaunchScreen.storyboard in Resources */ = {isa = PBXBuildFile; fileRef = 0E3D0BF227A206C000266507 /* LaunchScreen.storyboard */; };
		0E3D0C1E27A42E1F00266507 /* Plant.swift in Sources */ = {isa = PBXBuildFile; fileRef = 0E3D0C1D27A42E1E00266507 /* Plant.swift */; };
		0E535C6A27C6615400919D18 /* ShopPopUpViewController.swift in Sources */ = {isa = PBXBuildFile; fileRef = 0E535C6927C6615400919D18 /* ShopPopUpViewController.swift */; };
		0E535C6C27C6A6D200919D18 /* PediaPopUpViewController.swift in Sources */ = {isa = PBXBuildFile; fileRef = 0E535C6B27C6A6D200919D18 /* PediaPopUpViewController.swift */; };
		0E535C6E27C6AD9100919D18 /* NewPlantPopUpViewController.swift in Sources */ = {isa = PBXBuildFile; fileRef = 0E535C6D27C6AD9100919D18 /* NewPlantPopUpViewController.swift */; };
		0E535C7027C9484100919D18 /* GoogleService-Info.plist in Resources */ = {isa = PBXBuildFile; fileRef = 0E535C6F27C9484100919D18 /* GoogleService-Info.plist */; };
		0E6D653327B5908D0034EF4A /* PlantPediaCollectionViewCell.swift in Sources */ = {isa = PBXBuildFile; fileRef = 0E6D653127B5908D0034EF4A /* PlantPediaCollectionViewCell.swift */; };
		0E6D653427B5908D0034EF4A /* PlantPediaCollectionViewCell.xib in Resources */ = {isa = PBXBuildFile; fileRef = 0E6D653227B5908D0034EF4A /* PlantPediaCollectionViewCell.xib */; };
		0E8EFBBB27A9685800466722 /* GameManager.swift in Sources */ = {isa = PBXBuildFile; fileRef = 0E8EFBBA27A9685800466722 /* GameManager.swift */; };
		0E8EFBBD27A9687B00466722 /* Shop.swift in Sources */ = {isa = PBXBuildFile; fileRef = 0E8EFBBC27A9687B00466722 /* Shop.swift */; };
		0EE0847627BECB7A0030C389 /* AdSupport.framework in Frameworks */ = {isa = PBXBuildFile; fileRef = 0EE0847527BECB7A0030C389 /* AdSupport.framework */; };
		0EE0847827BECB870030C389 /* AppTrackingTransparency.framework in Frameworks */ = {isa = PBXBuildFile; fileRef = 0EE0847727BECB870030C389 /* AppTrackingTransparency.framework */; };
		0EED4C3E27BA97F40054FE04 /* musicFarm.mp3 in Resources */ = {isa = PBXBuildFile; fileRef = 0EED4C3D27BA97F40054FE04 /* musicFarm.mp3 */; };
		0EED4C4027BA9FF50054FE04 /* buy.wav in Resources */ = {isa = PBXBuildFile; fileRef = 0EED4C3F27BA9FF50054FE04 /* buy.wav */; };
		0EED4C4227BA9FFA0054FE04 /* fuse.wav in Resources */ = {isa = PBXBuildFile; fileRef = 0EED4C4127BA9FFA0054FE04 /* fuse.wav */; };
		0EED4C4427BC3BBC0054FE04 /* Onboarding.storyboard in Resources */ = {isa = PBXBuildFile; fileRef = 0EED4C4327BC3BBC0054FE04 /* Onboarding.storyboard */; };
		0EF40D4B27B92ED700DA3C9A /* GameKit.framework in Frameworks */ = {isa = PBXBuildFile; fileRef = 0EF40D4A27B92ED700DA3C9A /* GameKit.framework */; };
		650A67648ACE1BE828F3A7D4 /* Pods_Plantinhas.framework in Frameworks */ = {isa = PBXBuildFile; fileRef = 8120E8CB3EFEEEE338D997E2 /* Pods_Plantinhas.framework */; };
/* End PBXBuildFile section */

/* Begin PBXFileReference section */
		0B28C55D27B5914000293048 /* OnBoardingViewController.swift */ = {isa = PBXFileReference; lastKnownFileType = sourcecode.swift; path = OnBoardingViewController.swift; sourceTree = "<group>"; tabWidth = 4; };
		0B28C55F27B598D500293048 /* OnboardingSlide.swift */ = {isa = PBXFileReference; lastKnownFileType = sourcecode.swift; path = OnboardingSlide.swift; sourceTree = "<group>"; };
		0B28C56327B59DFC00293048 /* OnboardingCollectionViewCell.swift */ = {isa = PBXFileReference; lastKnownFileType = sourcecode.swift; path = OnboardingCollectionViewCell.swift; sourceTree = "<group>"; };
		0E08B06D27AC6F630059A4B9 /* plantCollectionViewCell.swift */ = {isa = PBXFileReference; lastKnownFileType = sourcecode.swift; path = plantCollectionViewCell.swift; sourceTree = "<group>"; };
		0E08B06E27AC6F630059A4B9 /* plantCollectionViewCell.xib */ = {isa = PBXFileReference; lastKnownFileType = file.xib; path = plantCollectionViewCell.xib; sourceTree = "<group>"; };
		0E3D0BE027A206BE00266507 /* Plant Domination.app */ = {isa = PBXFileReference; explicitFileType = wrapper.application; includeInIndex = 0; path = "Plant Domination.app"; sourceTree = BUILT_PRODUCTS_DIR; };
		0E3D0BE327A206BE00266507 /* AppDelegate.swift */ = {isa = PBXFileReference; lastKnownFileType = sourcecode.swift; path = AppDelegate.swift; sourceTree = "<group>"; };
		0E3D0BE527A206BF00266507 /* GameScene.sks */ = {isa = PBXFileReference; lastKnownFileType = file.sks; path = GameScene.sks; sourceTree = "<group>"; };
		0E3D0BE727A206BF00266507 /* Actions.sks */ = {isa = PBXFileReference; lastKnownFileType = file.sks; path = Actions.sks; sourceTree = "<group>"; };
		0E3D0BE927A206BF00266507 /* GameScene.swift */ = {isa = PBXFileReference; lastKnownFileType = sourcecode.swift; path = GameScene.swift; sourceTree = "<group>"; };
		0E3D0BEB27A206BF00266507 /* GameViewController.swift */ = {isa = PBXFileReference; lastKnownFileType = sourcecode.swift; path = GameViewController.swift; sourceTree = "<group>"; };
		0E3D0BEE27A206BF00266507 /* Base */ = {isa = PBXFileReference; lastKnownFileType = file.storyboard; name = Base; path = Base.lproj/Main.storyboard; sourceTree = "<group>"; };
		0E3D0BF027A206C000266507 /* Assets.xcassets */ = {isa = PBXFileReference; lastKnownFileType = folder.assetcatalog; path = Assets.xcassets; sourceTree = "<group>"; };
		0E3D0BF327A206C000266507 /* Base */ = {isa = PBXFileReference; lastKnownFileType = file.storyboard; name = Base; path = Base.lproj/LaunchScreen.storyboard; sourceTree = "<group>"; };
		0E3D0C1D27A42E1E00266507 /* Plant.swift */ = {isa = PBXFileReference; lastKnownFileType = sourcecode.swift; path = Plant.swift; sourceTree = "<group>"; };
		0E535C6927C6615400919D18 /* ShopPopUpViewController.swift */ = {isa = PBXFileReference; lastKnownFileType = sourcecode.swift; path = ShopPopUpViewController.swift; sourceTree = "<group>"; };
		0E535C6B27C6A6D200919D18 /* PediaPopUpViewController.swift */ = {isa = PBXFileReference; lastKnownFileType = sourcecode.swift; path = PediaPopUpViewController.swift; sourceTree = "<group>"; };
		0E535C6D27C6AD9100919D18 /* NewPlantPopUpViewController.swift */ = {isa = PBXFileReference; lastKnownFileType = sourcecode.swift; path = NewPlantPopUpViewController.swift; sourceTree = "<group>"; };
		0E535C6F27C9484100919D18 /* GoogleService-Info.plist */ = {isa = PBXFileReference; fileEncoding = 4; lastKnownFileType = text.plist.xml; path = "GoogleService-Info.plist"; sourceTree = "<group>"; };
		0E56E91B27C4133100B418B3 /* Info.plist */ = {isa = PBXFileReference; lastKnownFileType = text.plist.xml; path = Info.plist; sourceTree = "<group>"; };
		0E6D653127B5908D0034EF4A /* PlantPediaCollectionViewCell.swift */ = {isa = PBXFileReference; lastKnownFileType = sourcecode.swift; path = PlantPediaCollectionViewCell.swift; sourceTree = "<group>"; };
		0E6D653227B5908D0034EF4A /* PlantPediaCollectionViewCell.xib */ = {isa = PBXFileReference; lastKnownFileType = file.xib; path = PlantPediaCollectionViewCell.xib; sourceTree = "<group>"; };
		0E8EFBBA27A9685800466722 /* GameManager.swift */ = {isa = PBXFileReference; lastKnownFileType = sourcecode.swift; path = GameManager.swift; sourceTree = "<group>"; };
		0E8EFBBC27A9687B00466722 /* Shop.swift */ = {isa = PBXFileReference; lastKnownFileType = sourcecode.swift; path = Shop.swift; sourceTree = "<group>"; };
		0EE0847527BECB7A0030C389 /* AdSupport.framework */ = {isa = PBXFileReference; lastKnownFileType = wrapper.framework; name = AdSupport.framework; path = System/Library/Frameworks/AdSupport.framework; sourceTree = SDKROOT; };
		0EE0847727BECB870030C389 /* AppTrackingTransparency.framework */ = {isa = PBXFileReference; lastKnownFileType = wrapper.framework; name = AppTrackingTransparency.framework; path = System/Library/Frameworks/AppTrackingTransparency.framework; sourceTree = SDKROOT; };
		0EED4C3D27BA97F40054FE04 /* musicFarm.mp3 */ = {isa = PBXFileReference; lastKnownFileType = audio.mp3; path = musicFarm.mp3; sourceTree = "<group>"; };
		0EED4C3F27BA9FF50054FE04 /* buy.wav */ = {isa = PBXFileReference; lastKnownFileType = audio.wav; path = buy.wav; sourceTree = "<group>"; };
		0EED4C4127BA9FFA0054FE04 /* fuse.wav */ = {isa = PBXFileReference; lastKnownFileType = audio.wav; path = fuse.wav; sourceTree = "<group>"; };
		0EED4C4327BC3BBC0054FE04 /* Onboarding.storyboard */ = {isa = PBXFileReference; lastKnownFileType = file.storyboard; path = Onboarding.storyboard; sourceTree = "<group>"; };
		0EF40D4A27B92ED700DA3C9A /* GameKit.framework */ = {isa = PBXFileReference; lastKnownFileType = wrapper.framework; name = GameKit.framework; path = System/Library/Frameworks/GameKit.framework; sourceTree = SDKROOT; };
		66B982A7E946AFF7693390B7 /* Pods-Plantinhas.debug.xcconfig */ = {isa = PBXFileReference; includeInIndex = 1; lastKnownFileType = text.xcconfig; name = "Pods-Plantinhas.debug.xcconfig"; path = "Target Support Files/Pods-Plantinhas/Pods-Plantinhas.debug.xcconfig"; sourceTree = "<group>"; };
		8120E8CB3EFEEEE338D997E2 /* Pods_Plantinhas.framework */ = {isa = PBXFileReference; explicitFileType = wrapper.framework; includeInIndex = 0; path = Pods_Plantinhas.framework; sourceTree = BUILT_PRODUCTS_DIR; };
		C820623215C790CDD65044E5 /* Pods-Plantinhas.release.xcconfig */ = {isa = PBXFileReference; includeInIndex = 1; lastKnownFileType = text.xcconfig; name = "Pods-Plantinhas.release.xcconfig"; path = "Target Support Files/Pods-Plantinhas/Pods-Plantinhas.release.xcconfig"; sourceTree = "<group>"; };
/* End PBXFileReference section */

/* Begin PBXFrameworksBuildPhase section */
		0E3D0BDD27A206BE00266507 /* Frameworks */ = {
			isa = PBXFrameworksBuildPhase;
			buildActionMask = 2147483647;
			files = (
				0EF40D4B27B92ED700DA3C9A /* GameKit.framework in Frameworks */,
				0EE0847827BECB870030C389 /* AppTrackingTransparency.framework in Frameworks */,
				650A67648ACE1BE828F3A7D4 /* Pods_Plantinhas.framework in Frameworks */,
				0EE0847627BECB7A0030C389 /* AdSupport.framework in Frameworks */,
			);
			runOnlyForDeploymentPostprocessing = 0;
		};
/* End PBXFrameworksBuildPhase section */

/* Begin PBXGroup section */
		0B28C56527B69E0D00293048 /* Onboarding */ = {
			isa = PBXGroup;
			children = (
				0B28C55F27B598D500293048 /* OnboardingSlide.swift */,
				0B28C55D27B5914000293048 /* OnBoardingViewController.swift */,
				0B28C56327B59DFC00293048 /* OnboardingCollectionViewCell.swift */,
				0EED4C4327BC3BBC0054FE04 /* Onboarding.storyboard */,
			);
			path = Onboarding;
			sourceTree = "<group>";
		};
		0E3D0BD727A206BE00266507 = {
			isa = PBXGroup;
			children = (
				0E535C6F27C9484100919D18 /* GoogleService-Info.plist */,
				0EE0847C27BED2520030C389 /* Assets */,
				0EE0847B27BED1F40030C389 /* Scenes */,
				0EE0847A27BED1C00030C389 /* Views */,
				0B28C56527B69E0D00293048 /* Onboarding */,
				0E3D0BE227A206BE00266507 /* Gamelogic */,
				0E3D0BE127A206BE00266507 /* Products */,
				0EF40D4927B92ED700DA3C9A /* Frameworks */,
				28509F300249C62D402699F3 /* Pods */,
			);
			sourceTree = "<group>";
		};
		0E3D0BE127A206BE00266507 /* Products */ = {
			isa = PBXGroup;
			children = (
				0E3D0BE027A206BE00266507 /* Plant Domination.app */,
			);
			name = Products;
			sourceTree = "<group>";
		};
		0E3D0BE227A206BE00266507 /* Gamelogic */ = {
			isa = PBXGroup;
			children = (
				0E3D0BE327A206BE00266507 /* AppDelegate.swift */,
				0E8EFBBA27A9685800466722 /* GameManager.swift */,
				0E3D0BE927A206BF00266507 /* GameScene.swift */,
				0E56E91B27C4133100B418B3 /* Info.plist */,
				0E3D0C1D27A42E1E00266507 /* Plant.swift */,
				0E8EFBBC27A9687B00466722 /* Shop.swift */,
			);
			path = Gamelogic;
			sourceTree = "<group>";
		};
		0EE0847A27BED1C00030C389 /* Views */ = {
			isa = PBXGroup;
			children = (
				0E3D0BEB27A206BF00266507 /* GameViewController.swift */,
				0E3D0BED27A206BF00266507 /* Main.storyboard */,
				0E08B06D27AC6F630059A4B9 /* plantCollectionViewCell.swift */,
				0E08B06E27AC6F630059A4B9 /* plantCollectionViewCell.xib */,
				0E6D653127B5908D0034EF4A /* PlantPediaCollectionViewCell.swift */,
				0E6D653227B5908D0034EF4A /* PlantPediaCollectionViewCell.xib */,
				0E3D0BF227A206C000266507 /* LaunchScreen.storyboard */,
				0E535C6927C6615400919D18 /* ShopPopUpViewController.swift */,
				0E535C6B27C6A6D200919D18 /* PediaPopUpViewController.swift */,
				0E535C6D27C6AD9100919D18 /* NewPlantPopUpViewController.swift */,
			);
			path = Views;
			sourceTree = "<group>";
		};
		0EE0847B27BED1F40030C389 /* Scenes */ = {
			isa = PBXGroup;
			children = (
				0E3D0BE527A206BF00266507 /* GameScene.sks */,
				0E3D0BE727A206BF00266507 /* Actions.sks */,
			);
			path = Scenes;
			sourceTree = "<group>";
		};
		0EE0847C27BED2520030C389 /* Assets */ = {
			isa = PBXGroup;
			children = (
				0EED4C3D27BA97F40054FE04 /* musicFarm.mp3 */,
				0EED4C3F27BA9FF50054FE04 /* buy.wav */,
				0EED4C4127BA9FFA0054FE04 /* fuse.wav */,
				0E3D0BF027A206C000266507 /* Assets.xcassets */,
			);
			path = Assets;
			sourceTree = "<group>";
		};
		0EF40D4927B92ED700DA3C9A /* Frameworks */ = {
			isa = PBXGroup;
			children = (
				0EE0847727BECB870030C389 /* AppTrackingTransparency.framework */,
				0EE0847527BECB7A0030C389 /* AdSupport.framework */,
				0EF40D4A27B92ED700DA3C9A /* GameKit.framework */,
				8120E8CB3EFEEEE338D997E2 /* Pods_Plantinhas.framework */,
			);
			name = Frameworks;
			sourceTree = "<group>";
		};
		28509F300249C62D402699F3 /* Pods */ = {
			isa = PBXGroup;
			children = (
				66B982A7E946AFF7693390B7 /* Pods-Plantinhas.debug.xcconfig */,
				C820623215C790CDD65044E5 /* Pods-Plantinhas.release.xcconfig */,
			);
			path = Pods;
			sourceTree = "<group>";
		};
/* End PBXGroup section */

/* Begin PBXNativeTarget section */
		0E3D0BDF27A206BE00266507 /* Plantinhas */ = {
			isa = PBXNativeTarget;
			buildConfigurationList = 0E3D0BF727A206C000266507 /* Build configuration list for PBXNativeTarget "Plantinhas" */;
			buildPhases = (
				702F119CC04B7141A65242B4 /* [CP] Check Pods Manifest.lock */,
				0E3D0BDC27A206BE00266507 /* Sources */,
				0E3D0BDD27A206BE00266507 /* Frameworks */,
				0E3D0BDE27A206BE00266507 /* Resources */,
				DEFB129AD47E4E8071EBB61F /* [CP] Embed Pods Frameworks */,
				0E535C7127C9560700919D18 /* ShellScript */,
			);
			buildRules = (
			);
			dependencies = (
			);
			name = Plantinhas;
			productName = Plantinhas;
			productReference = 0E3D0BE027A206BE00266507 /* Plant Domination.app */;
			productType = "com.apple.product-type.application";
		};
/* End PBXNativeTarget section */

/* Begin PBXProject section */
		0E3D0BD827A206BE00266507 /* Project object */ = {
			isa = PBXProject;
			attributes = {
				BuildIndependentTargetsInParallel = 1;
				LastSwiftUpdateCheck = 1320;
				LastUpgradeCheck = 1320;
				TargetAttributes = {
					0E3D0BDF27A206BE00266507 = {
						CreatedOnToolsVersion = 13.2.1;
					};
				};
			};
			buildConfigurationList = 0E3D0BDB27A206BE00266507 /* Build configuration list for PBXProject "Plantinhas" */;
			compatibilityVersion = "Xcode 13.0";
			developmentRegion = en;
			hasScannedForEncodings = 0;
			knownRegions = (
				en,
				Base,
			);
			mainGroup = 0E3D0BD727A206BE00266507;
			productRefGroup = 0E3D0BE127A206BE00266507 /* Products */;
			projectDirPath = "";
			projectRoot = "";
			targets = (
				0E3D0BDF27A206BE00266507 /* Plantinhas */,
			);
		};
/* End PBXProject section */

/* Begin PBXResourcesBuildPhase section */
		0E3D0BDE27A206BE00266507 /* Resources */ = {
			isa = PBXResourcesBuildPhase;
			buildActionMask = 2147483647;
			files = (
				0E3D0BEF27A206BF00266507 /* Main.storyboard in Resources */,
				0E3D0BE627A206BF00266507 /* GameScene.sks in Resources */,
				0EED4C3E27BA97F40054FE04 /* musicFarm.mp3 in Resources */,
				0EED4C4027BA9FF50054FE04 /* buy.wav in Resources */,
				0E3D0BF127A206C000266507 /* Assets.xcassets in Resources */,
				0E535C7027C9484100919D18 /* GoogleService-Info.plist in Resources */,
				0EED4C4227BA9FFA0054FE04 /* fuse.wav in Resources */,
				0E6D653427B5908D0034EF4A /* PlantPediaCollectionViewCell.xib in Resources */,
				0E3D0BF427A206C000266507 /* LaunchScreen.storyboard in Resources */,
				0E08B07027AC6F630059A4B9 /* plantCollectionViewCell.xib in Resources */,
				0EED4C4427BC3BBC0054FE04 /* Onboarding.storyboard in Resources */,
				0E3D0BE827A206BF00266507 /* Actions.sks in Resources */,
			);
			runOnlyForDeploymentPostprocessing = 0;
		};
/* End PBXResourcesBuildPhase section */

/* Begin PBXShellScriptBuildPhase section */
		0E535C7127C9560700919D18 /* ShellScript */ = {
			isa = PBXShellScriptBuildPhase;
			buildActionMask = 2147483647;
			files = (
			);
			inputFileListPaths = (
			);
			inputPaths = (
				"${DWARF_DSYM_FOLDER_PATH}/${DWARF_DSYM_FILE_NAME}/Contents/Resources/DWARF/${TARGET_NAME}",
				"$(SRCROOT)/$(BUILT_PRODUCTS_DIR)/$(INFOPLIST_PATH)",
			);
			outputFileListPaths = (
			);
			outputPaths = (
			);
			runOnlyForDeploymentPostprocessing = 0;
			shellPath = /bin/sh;
			shellScript = "# Type a script or drag a script file from your workspace to insert its path.\n\"${PODS_ROOT}/FirebaseCrashlytics/run\"\n";
		};
		702F119CC04B7141A65242B4 /* [CP] Check Pods Manifest.lock */ = {
			isa = PBXShellScriptBuildPhase;
			buildActionMask = 2147483647;
			files = (
			);
			inputFileListPaths = (
			);
			inputPaths = (
				"${PODS_PODFILE_DIR_PATH}/Podfile.lock",
				"${PODS_ROOT}/Manifest.lock",
			);
			name = "[CP] Check Pods Manifest.lock";
			outputFileListPaths = (
			);
			outputPaths = (
				"$(DERIVED_FILE_DIR)/Pods-Plantinhas-checkManifestLockResult.txt",
			);
			runOnlyForDeploymentPostprocessing = 0;
			shellPath = /bin/sh;
			shellScript = "diff \"${PODS_PODFILE_DIR_PATH}/Podfile.lock\" \"${PODS_ROOT}/Manifest.lock\" > /dev/null\nif [ $? != 0 ] ; then\n    # print error to STDERR\n    echo \"error: The sandbox is not in sync with the Podfile.lock. Run 'pod install' or update your CocoaPods installation.\" >&2\n    exit 1\nfi\n# This output is used by Xcode 'outputs' to avoid re-running this script phase.\necho \"SUCCESS\" > \"${SCRIPT_OUTPUT_FILE_0}\"\n";
			showEnvVarsInLog = 0;
		};
		DEFB129AD47E4E8071EBB61F /* [CP] Embed Pods Frameworks */ = {
			isa = PBXShellScriptBuildPhase;
			buildActionMask = 2147483647;
			files = (
			);
			inputFileListPaths = (
				"${PODS_ROOT}/Target Support Files/Pods-Plantinhas/Pods-Plantinhas-frameworks-${CONFIGURATION}-input-files.xcfilelist",
			);
			name = "[CP] Embed Pods Frameworks";
			outputFileListPaths = (
				"${PODS_ROOT}/Target Support Files/Pods-Plantinhas/Pods-Plantinhas-frameworks-${CONFIGURATION}-output-files.xcfilelist",
			);
			runOnlyForDeploymentPostprocessing = 0;
			shellPath = /bin/sh;
			shellScript = "\"${PODS_ROOT}/Target Support Files/Pods-Plantinhas/Pods-Plantinhas-frameworks.sh\"\n";
			showEnvVarsInLog = 0;
		};
/* End PBXShellScriptBuildPhase section */

/* Begin PBXSourcesBuildPhase section */
		0E3D0BDC27A206BE00266507 /* Sources */ = {
			isa = PBXSourcesBuildPhase;
			buildActionMask = 2147483647;
			files = (
				0E3D0BEA27A206BF00266507 /* GameScene.swift in Sources */,
				0E535C6A27C6615400919D18 /* ShopPopUpViewController.swift in Sources */,
				0E535C6E27C6AD9100919D18 /* NewPlantPopUpViewController.swift in Sources */,
				0E08B06F27AC6F630059A4B9 /* plantCollectionViewCell.swift in Sources */,
				0E3D0C1E27A42E1F00266507 /* Plant.swift in Sources */,
				0B28C55E27B5914000293048 /* OnBoardingViewController.swift in Sources */,
				0E8EFBBB27A9685800466722 /* GameManager.swift in Sources */,
				0E535C6C27C6A6D200919D18 /* PediaPopUpViewController.swift in Sources */,
				0E8EFBBD27A9687B00466722 /* Shop.swift in Sources */,
				0E3D0BEC27A206BF00266507 /* GameViewController.swift in Sources */,
				0E6D653327B5908D0034EF4A /* PlantPediaCollectionViewCell.swift in Sources */,
				0B28C56427B59DFC00293048 /* OnboardingCollectionViewCell.swift in Sources */,
				0B28C56027B598D500293048 /* OnboardingSlide.swift in Sources */,
				0E3D0BE427A206BE00266507 /* AppDelegate.swift in Sources */,
			);
			runOnlyForDeploymentPostprocessing = 0;
		};
/* End PBXSourcesBuildPhase section */

/* Begin PBXVariantGroup section */
		0E3D0BED27A206BF00266507 /* Main.storyboard */ = {
			isa = PBXVariantGroup;
			children = (
				0E3D0BEE27A206BF00266507 /* Base */,
			);
			name = Main.storyboard;
			sourceTree = "<group>";
		};
		0E3D0BF227A206C000266507 /* LaunchScreen.storyboard */ = {
			isa = PBXVariantGroup;
			children = (
				0E3D0BF327A206C000266507 /* Base */,
			);
			name = LaunchScreen.storyboard;
			sourceTree = "<group>";
		};
/* End PBXVariantGroup section */

/* Begin XCBuildConfiguration section */
		0E3D0BF527A206C000266507 /* Debug */ = {
			isa = XCBuildConfiguration;
			buildSettings = {
				ALWAYS_SEARCH_USER_PATHS = NO;
				CLANG_ANALYZER_NONNULL = YES;
				CLANG_ANALYZER_NUMBER_OBJECT_CONVERSION = YES_AGGRESSIVE;
				CLANG_CXX_LANGUAGE_STANDARD = "gnu++17";
				CLANG_CXX_LIBRARY = "libc++";
				CLANG_ENABLE_MODULES = YES;
				CLANG_ENABLE_OBJC_ARC = YES;
				CLANG_ENABLE_OBJC_WEAK = YES;
				CLANG_WARN_BLOCK_CAPTURE_AUTORELEASING = YES;
				CLANG_WARN_BOOL_CONVERSION = YES;
				CLANG_WARN_COMMA = YES;
				CLANG_WARN_CONSTANT_CONVERSION = YES;
				CLANG_WARN_DEPRECATED_OBJC_IMPLEMENTATIONS = YES;
				CLANG_WARN_DIRECT_OBJC_ISA_USAGE = YES_ERROR;
				CLANG_WARN_DOCUMENTATION_COMMENTS = YES;
				CLANG_WARN_EMPTY_BODY = YES;
				CLANG_WARN_ENUM_CONVERSION = YES;
				CLANG_WARN_INFINITE_RECURSION = YES;
				CLANG_WARN_INT_CONVERSION = YES;
				CLANG_WARN_NON_LITERAL_NULL_CONVERSION = YES;
				CLANG_WARN_OBJC_IMPLICIT_RETAIN_SELF = YES;
				CLANG_WARN_OBJC_LITERAL_CONVERSION = YES;
				CLANG_WARN_OBJC_ROOT_CLASS = YES_ERROR;
				CLANG_WARN_QUOTED_INCLUDE_IN_FRAMEWORK_HEADER = YES;
				CLANG_WARN_RANGE_LOOP_ANALYSIS = YES;
				CLANG_WARN_STRICT_PROTOTYPES = YES;
				CLANG_WARN_SUSPICIOUS_MOVE = YES;
				CLANG_WARN_UNGUARDED_AVAILABILITY = YES_AGGRESSIVE;
				CLANG_WARN_UNREACHABLE_CODE = YES;
				CLANG_WARN__DUPLICATE_METHOD_MATCH = YES;
				COPY_PHASE_STRIP = NO;
				DEBUG_INFORMATION_FORMAT = dwarf;
				ENABLE_STRICT_OBJC_MSGSEND = YES;
				ENABLE_TESTABILITY = YES;
				GCC_C_LANGUAGE_STANDARD = gnu11;
				GCC_DYNAMIC_NO_PIC = NO;
				GCC_NO_COMMON_BLOCKS = YES;
				GCC_OPTIMIZATION_LEVEL = 0;
				GCC_PREPROCESSOR_DEFINITIONS = (
					"DEBUG=1",
					"$(inherited)",
				);
				GCC_WARN_64_TO_32_BIT_CONVERSION = YES;
				GCC_WARN_ABOUT_RETURN_TYPE = YES_ERROR;
				GCC_WARN_UNDECLARED_SELECTOR = YES;
				GCC_WARN_UNINITIALIZED_AUTOS = YES_AGGRESSIVE;
				GCC_WARN_UNUSED_FUNCTION = YES;
				GCC_WARN_UNUSED_VARIABLE = YES;
				IPHONEOS_DEPLOYMENT_TARGET = 15.2;
				MTL_ENABLE_DEBUG_INFO = INCLUDE_SOURCE;
				MTL_FAST_MATH = YES;
				ONLY_ACTIVE_ARCH = YES;
				SDKROOT = iphoneos;
				SWIFT_ACTIVE_COMPILATION_CONDITIONS = DEBUG;
				SWIFT_OPTIMIZATION_LEVEL = "-Onone";
			};
			name = Debug;
		};
		0E3D0BF627A206C000266507 /* Release */ = {
			isa = XCBuildConfiguration;
			buildSettings = {
				ALWAYS_SEARCH_USER_PATHS = NO;
				CLANG_ANALYZER_NONNULL = YES;
				CLANG_ANALYZER_NUMBER_OBJECT_CONVERSION = YES_AGGRESSIVE;
				CLANG_CXX_LANGUAGE_STANDARD = "gnu++17";
				CLANG_CXX_LIBRARY = "libc++";
				CLANG_ENABLE_MODULES = YES;
				CLANG_ENABLE_OBJC_ARC = YES;
				CLANG_ENABLE_OBJC_WEAK = YES;
				CLANG_WARN_BLOCK_CAPTURE_AUTORELEASING = YES;
				CLANG_WARN_BOOL_CONVERSION = YES;
				CLANG_WARN_COMMA = YES;
				CLANG_WARN_CONSTANT_CONVERSION = YES;
				CLANG_WARN_DEPRECATED_OBJC_IMPLEMENTATIONS = YES;
				CLANG_WARN_DIRECT_OBJC_ISA_USAGE = YES_ERROR;
				CLANG_WARN_DOCUMENTATION_COMMENTS = YES;
				CLANG_WARN_EMPTY_BODY = YES;
				CLANG_WARN_ENUM_CONVERSION = YES;
				CLANG_WARN_INFINITE_RECURSION = YES;
				CLANG_WARN_INT_CONVERSION = YES;
				CLANG_WARN_NON_LITERAL_NULL_CONVERSION = YES;
				CLANG_WARN_OBJC_IMPLICIT_RETAIN_SELF = YES;
				CLANG_WARN_OBJC_LITERAL_CONVERSION = YES;
				CLANG_WARN_OBJC_ROOT_CLASS = YES_ERROR;
				CLANG_WARN_QUOTED_INCLUDE_IN_FRAMEWORK_HEADER = YES;
				CLANG_WARN_RANGE_LOOP_ANALYSIS = YES;
				CLANG_WARN_STRICT_PROTOTYPES = YES;
				CLANG_WARN_SUSPICIOUS_MOVE = YES;
				CLANG_WARN_UNGUARDED_AVAILABILITY = YES_AGGRESSIVE;
				CLANG_WARN_UNREACHABLE_CODE = YES;
				CLANG_WARN__DUPLICATE_METHOD_MATCH = YES;
				COPY_PHASE_STRIP = NO;
				DEBUG_INFORMATION_FORMAT = "dwarf-with-dsym";
				ENABLE_NS_ASSERTIONS = NO;
				ENABLE_STRICT_OBJC_MSGSEND = YES;
				GCC_C_LANGUAGE_STANDARD = gnu11;
				GCC_NO_COMMON_BLOCKS = YES;
				GCC_WARN_64_TO_32_BIT_CONVERSION = YES;
				GCC_WARN_ABOUT_RETURN_TYPE = YES_ERROR;
				GCC_WARN_UNDECLARED_SELECTOR = YES;
				GCC_WARN_UNINITIALIZED_AUTOS = YES_AGGRESSIVE;
				GCC_WARN_UNUSED_FUNCTION = YES;
				GCC_WARN_UNUSED_VARIABLE = YES;
				IPHONEOS_DEPLOYMENT_TARGET = 15.2;
				MTL_ENABLE_DEBUG_INFO = NO;
				MTL_FAST_MATH = YES;
				SDKROOT = iphoneos;
				SWIFT_COMPILATION_MODE = wholemodule;
				SWIFT_OPTIMIZATION_LEVEL = "-O";
				VALIDATE_PRODUCT = YES;
			};
			name = Release;
		};
		0E3D0BF827A206C000266507 /* Debug */ = {
			isa = XCBuildConfiguration;
			baseConfigurationReference = 66B982A7E946AFF7693390B7 /* Pods-Plantinhas.debug.xcconfig */;
			buildSettings = {
				ASSETCATALOG_COMPILER_APPICON_NAME = AppIcon;
				ASSETCATALOG_COMPILER_GLOBAL_ACCENT_COLOR_NAME = AccentColor;
				CODE_SIGN_STYLE = Automatic;
				CURRENT_PROJECT_VERSION = 4;
				DEBUG_INFORMATION_FORMAT = "dwarf-with-dsym";
				DEVELOPMENT_TEAM = JG6HBW9K8J;
				GENERATE_INFOPLIST_FILE = NO;
				INFOPLIST_FILE = /Users/brunoimai/Documents/GitHub/PlantsDomination/Gamelogic/Info.plist;
				INFOPLIST_KEY_UIApplicationSupportsIndirectInputEvents = YES;
				INFOPLIST_KEY_UILaunchStoryboardName = LaunchScreen;
				INFOPLIST_KEY_UIMainStoryboardFile = Main;
				INFOPLIST_KEY_UIRequiredDeviceCapabilities = gamekit;
				INFOPLIST_KEY_UIStatusBarHidden = YES;
				INFOPLIST_KEY_UISupportedInterfaceOrientations_iPad = "UIInterfaceOrientationPortrait UIInterfaceOrientationPortraitUpsideDown UIInterfaceOrientationLandscapeLeft UIInterfaceOrientationLandscapeRight";
				INFOPLIST_KEY_UISupportedInterfaceOrientations_iPhone = "UIInterfaceOrientationPortrait UIInterfaceOrientationLandscapeLeft UIInterfaceOrientationLandscapeRight";
				IPHONEOS_DEPLOYMENT_TARGET = 14.0;
				LD_RUNPATH_SEARCH_PATHS = (
					"$(inherited)",
					"@executable_path/Frameworks",
				);
				MARKETING_VERSION = 1.1;
				PRODUCT_BUNDLE_IDENTIFIER = plants.domination;
				PRODUCT_NAME = "Plant Domination";
				SWIFT_EMIT_LOC_STRINGS = YES;
				SWIFT_VERSION = 5.0;
				TARGETED_DEVICE_FAMILY = "1,2";
			};
			name = Debug;
		};
		0E3D0BF927A206C000266507 /* Release */ = {
			isa = XCBuildConfiguration;
			baseConfigurationReference = C820623215C790CDD65044E5 /* Pods-Plantinhas.release.xcconfig */;
			buildSettings = {
				ASSETCATALOG_COMPILER_APPICON_NAME = AppIcon;
				ASSETCATALOG_COMPILER_GLOBAL_ACCENT_COLOR_NAME = AccentColor;
				CODE_SIGN_STYLE = Automatic;
				CURRENT_PROJECT_VERSION = 4;
				DEVELOPMENT_TEAM = JG6HBW9K8J;
				GENERATE_INFOPLIST_FILE = NO;
				INFOPLIST_FILE = /Users/brunoimai/Documents/GitHub/PlantsDomination/Gamelogic/Info.plist;
				INFOPLIST_KEY_UIApplicationSupportsIndirectInputEvents = YES;
				INFOPLIST_KEY_UILaunchStoryboardName = LaunchScreen;
				INFOPLIST_KEY_UIMainStoryboardFile = Main;
				INFOPLIST_KEY_UIRequiredDeviceCapabilities = gamekit;
				INFOPLIST_KEY_UIStatusBarHidden = YES;
				INFOPLIST_KEY_UISupportedInterfaceOrientations_iPad = "UIInterfaceOrientationPortrait UIInterfaceOrientationPortraitUpsideDown UIInterfaceOrientationLandscapeLeft UIInterfaceOrientationLandscapeRight";
				INFOPLIST_KEY_UISupportedInterfaceOrientations_iPhone = "UIInterfaceOrientationPortrait UIInterfaceOrientationLandscapeLeft UIInterfaceOrientationLandscapeRight";
				IPHONEOS_DEPLOYMENT_TARGET = 14.0;
				LD_RUNPATH_SEARCH_PATHS = (
					"$(inherited)",
					"@executable_path/Frameworks",
				);
				MARKETING_VERSION = 1.1;
				PRODUCT_BUNDLE_IDENTIFIER = plants.domination;
				PRODUCT_NAME = "Plant Domination";
				SWIFT_EMIT_LOC_STRINGS = YES;
				SWIFT_VERSION = 5.0;
				TARGETED_DEVICE_FAMILY = "1,2";
			};
			name = Release;
		};
/* End XCBuildConfiguration section */

/* Begin XCConfigurationList section */
		0E3D0BDB27A206BE00266507 /* Build configuration list for PBXProject "Plantinhas" */ = {
			isa = XCConfigurationList;
			buildConfigurations = (
				0E3D0BF527A206C000266507 /* Debug */,
				0E3D0BF627A206C000266507 /* Release */,
			);
			defaultConfigurationIsVisible = 0;
			defaultConfigurationName = Release;
		};
		0E3D0BF727A206C000266507 /* Build configuration list for PBXNativeTarget "Plantinhas" */ = {
			isa = XCConfigurationList;
			buildConfigurations = (
				0E3D0BF827A206C000266507 /* Debug */,
				0E3D0BF927A206C000266507 /* Release */,
			);
			defaultConfigurationIsVisible = 0;
			defaultConfigurationName = Release;
		};
/* End XCConfigurationList section */
	};
	rootObject = 0E3D0BD827A206BE00266507 /* Project object */;
}
